// !$*UTF8*$!
{
	archiveVersion = 1;
	classes = {
	};
	objectVersion = 55;
	objects = {

/* Begin PBXBuildFile section */
		8E1DBA4927328F3500ABBBF9 /* AppDelegate.m in Sources */ = {isa = PBXBuildFile; fileRef = 8E1DBA4827328F3500ABBBF9 /* AppDelegate.m */; };
		8E1DBA4C27328F3500ABBBF9 /* SceneDelegate.m in Sources */ = {isa = PBXBuildFile; fileRef = 8E1DBA4B27328F3500ABBBF9 /* SceneDelegate.m */; };
		8E1DBA5427328F3700ABBBF9 /* Assets.xcassets in Resources */ = {isa = PBXBuildFile; fileRef = 8E1DBA5327328F3700ABBBF9 /* Assets.xcassets */; };
		8E1DBA5727328F3700ABBBF9 /* LaunchScreen.storyboard in Resources */ = {isa = PBXBuildFile; fileRef = 8E1DBA5527328F3700ABBBF9 /* LaunchScreen.storyboard */; };
		8E1DBA5A27328F3700ABBBF9 /* main.m in Sources */ = {isa = PBXBuildFile; fileRef = 8E1DBA5927328F3700ABBBF9 /* main.m */; };
		8E1DBA6427328F3700ABBBF9 /* QSGatherTests.m in Sources */ = {isa = PBXBuildFile; fileRef = 8E1DBA6327328F3700ABBBF9 /* QSGatherTests.m */; };
		8E1DBA6E27328F3700ABBBF9 /* QSGatherUITests.m in Sources */ = {isa = PBXBuildFile; fileRef = 8E1DBA6D27328F3700ABBBF9 /* QSGatherUITests.m */; };
		8E1DBA7027328F3700ABBBF9 /* QSGatherUITestsLaunchTests.m in Sources */ = {isa = PBXBuildFile; fileRef = 8E1DBA6F27328F3700ABBBF9 /* QSGatherUITestsLaunchTests.m */; };
		8E1DBA822732915B00ABBBF9 /* QSTransition.m in Sources */ = {isa = PBXBuildFile; fileRef = 8E1DBA812732915B00ABBBF9 /* QSTransition.m */; };
		8E1DBA852732928100ABBBF9 /* QSNavigationController.m in Sources */ = {isa = PBXBuildFile; fileRef = 8E1DBA842732928100ABBBF9 /* QSNavigationController.m */; };
		8E1DBA8A273296F600ABBBF9 /* QSHomeViewController.m in Sources */ = {isa = PBXBuildFile; fileRef = 8E1DBA89273296F600ABBBF9 /* QSHomeViewController.m */; };
		8E7008602890E65D009AB81A /* BBPgcTabController.m in Sources */ = {isa = PBXBuildFile; fileRef = 8E70085F2890E65D009AB81A /* BBPgcTabController.m */; };
		8E7008632890E671009AB81A /* BBPgcTabBarItem.m in Sources */ = {isa = PBXBuildFile; fileRef = 8E7008612890E671009AB81A /* BBPgcTabBarItem.m */; };
		8E7008642890E671009AB81A /* BBPgcTabBarView.m in Sources */ = {isa = PBXBuildFile; fileRef = 8E7008622890E671009AB81A /* BBPgcTabBarView.m */; };
		8E70086E2890E79E009AB81A /* UIView+QSFrame.m in Sources */ = {isa = PBXBuildFile; fileRef = 8E70086D2890E79E009AB81A /* UIView+QSFrame.m */; };
		8E70087228911A20009AB81A /* BBPgcTabTestController.m in Sources */ = {isa = PBXBuildFile; fileRef = 8E70087128911A20009AB81A /* BBPgcTabTestController.m */; };
		8E9CC27928A238EA00B645AA /* default_img@3x.png in Resources */ = {isa = PBXBuildFile; fileRef = 8E9CC27828A238EA00B645AA /* default_img@3x.png */; };
		8E9CC27B28A23F1200B645AA /* share_action_watchtogether@3x.png in Resources */ = {isa = PBXBuildFile; fileRef = 8E9CC27A28A23F1200B645AA /* share_action_watchtogether@3x.png */; };
		8EAADE5E28BA16A000BD5874 /* QSClassifyController.m in Sources */ = {isa = PBXBuildFile; fileRef = 8EAADE5D28BA16A000BD5874 /* QSClassifyController.m */; };
		8EAADE6228BA1D5B00BD5874 /* QSTabController.swift in Sources */ = {isa = PBXBuildFile; fileRef = 8EAADE5F28BA1D5B00BD5874 /* QSTabController.swift */; };
		8EAADE6328BA1D5B00BD5874 /* QSTabBarItem.swift in Sources */ = {isa = PBXBuildFile; fileRef = 8EAADE6028BA1D5B00BD5874 /* QSTabBarItem.swift */; };
		8EAADE6428BA1D5B00BD5874 /* QSTabBarView.swift in Sources */ = {isa = PBXBuildFile; fileRef = 8EAADE6128BA1D5B00BD5874 /* QSTabBarView.swift */; };
/* End PBXBuildFile section */

/* Begin PBXContainerItemProxy section */
		8E1DBA6027328F3700ABBBF9 /* PBXContainerItemProxy */ = {
			isa = PBXContainerItemProxy;
			containerPortal = 8E1DBA3C27328F3500ABBBF9 /* Project object */;
			proxyType = 1;
			remoteGlobalIDString = 8E1DBA4327328F3500ABBBF9;
			remoteInfo = QSGather;
		};
		8E1DBA6A27328F3700ABBBF9 /* PBXContainerItemProxy */ = {
			isa = PBXContainerItemProxy;
			containerPortal = 8E1DBA3C27328F3500ABBBF9 /* Project object */;
			proxyType = 1;
			remoteGlobalIDString = 8E1DBA4327328F3500ABBBF9;
			remoteInfo = QSGather;
		};
/* End PBXContainerItemProxy section */

/* Begin PBXFileReference section */
		8E1DBA4427328F3500ABBBF9 /* QSGather.app */ = {isa = PBXFileReference; explicitFileType = wrapper.application; includeInIndex = 0; path = QSGather.app; sourceTree = BUILT_PRODUCTS_DIR; };
		8E1DBA4727328F3500ABBBF9 /* AppDelegate.h */ = {isa = PBXFileReference; lastKnownFileType = sourcecode.c.h; path = AppDelegate.h; sourceTree = "<group>"; };
		8E1DBA4827328F3500ABBBF9 /* AppDelegate.m */ = {isa = PBXFileReference; lastKnownFileType = sourcecode.c.objc; path = AppDelegate.m; sourceTree = "<group>"; };
		8E1DBA4A27328F3500ABBBF9 /* SceneDelegate.h */ = {isa = PBXFileReference; lastKnownFileType = sourcecode.c.h; path = SceneDelegate.h; sourceTree = "<group>"; };
		8E1DBA4B27328F3500ABBBF9 /* SceneDelegate.m */ = {isa = PBXFileReference; lastKnownFileType = sourcecode.c.objc; path = SceneDelegate.m; sourceTree = "<group>"; };
		8E1DBA5327328F3700ABBBF9 /* Assets.xcassets */ = {isa = PBXFileReference; lastKnownFileType = folder.assetcatalog; path = Assets.xcassets; sourceTree = "<group>"; };
		8E1DBA5627328F3700ABBBF9 /* Base */ = {isa = PBXFileReference; lastKnownFileType = file.storyboard; name = Base; path = Base.lproj/LaunchScreen.storyboard; sourceTree = "<group>"; };
		8E1DBA5827328F3700ABBBF9 /* Info.plist */ = {isa = PBXFileReference; lastKnownFileType = text.plist.xml; path = Info.plist; sourceTree = "<group>"; };
		8E1DBA5927328F3700ABBBF9 /* main.m */ = {isa = PBXFileReference; lastKnownFileType = sourcecode.c.objc; path = main.m; sourceTree = "<group>"; };
		8E1DBA5F27328F3700ABBBF9 /* QSGatherTests.xctest */ = {isa = PBXFileReference; explicitFileType = wrapper.cfbundle; includeInIndex = 0; path = QSGatherTests.xctest; sourceTree = BUILT_PRODUCTS_DIR; };
		8E1DBA6327328F3700ABBBF9 /* QSGatherTests.m */ = {isa = PBXFileReference; lastKnownFileType = sourcecode.c.objc; path = QSGatherTests.m; sourceTree = "<group>"; };
		8E1DBA6927328F3700ABBBF9 /* QSGatherUITests.xctest */ = {isa = PBXFileReference; explicitFileType = wrapper.cfbundle; includeInIndex = 0; path = QSGatherUITests.xctest; sourceTree = BUILT_PRODUCTS_DIR; };
		8E1DBA6D27328F3700ABBBF9 /* QSGatherUITests.m */ = {isa = PBXFileReference; lastKnownFileType = sourcecode.c.objc; path = QSGatherUITests.m; sourceTree = "<group>"; };
		8E1DBA6F27328F3700ABBBF9 /* QSGatherUITestsLaunchTests.m */ = {isa = PBXFileReference; lastKnownFileType = sourcecode.c.objc; path = QSGatherUITestsLaunchTests.m; sourceTree = "<group>"; };
		8E1DBA802732915B00ABBBF9 /* QSTransition.h */ = {isa = PBXFileReference; lastKnownFileType = sourcecode.c.h; path = QSTransition.h; sourceTree = "<group>"; };
		8E1DBA812732915B00ABBBF9 /* QSTransition.m */ = {isa = PBXFileReference; lastKnownFileType = sourcecode.c.objc; path = QSTransition.m; sourceTree = "<group>"; };
		8E1DBA832732928100ABBBF9 /* QSNavigationController.h */ = {isa = PBXFileReference; lastKnownFileType = sourcecode.c.h; path = QSNavigationController.h; sourceTree = "<group>"; };
		8E1DBA842732928100ABBBF9 /* QSNavigationController.m */ = {isa = PBXFileReference; lastKnownFileType = sourcecode.c.objc; path = QSNavigationController.m; sourceTree = "<group>"; };
		8E1DBA88273296F600ABBBF9 /* QSHomeViewController.h */ = {isa = PBXFileReference; lastKnownFileType = sourcecode.c.h; path = QSHomeViewController.h; sourceTree = "<group>"; };
		8E1DBA89273296F600ABBBF9 /* QSHomeViewController.m */ = {isa = PBXFileReference; lastKnownFileType = sourcecode.c.objc; path = QSHomeViewController.m; sourceTree = "<group>"; };
		8E70085E2890E65D009AB81A /* BBPgcTabController.h */ = {isa = PBXFileReference; fileEncoding = 4; lastKnownFileType = sourcecode.c.h; path = BBPgcTabController.h; sourceTree = "<group>"; };
		8E70085F2890E65D009AB81A /* BBPgcTabController.m */ = {isa = PBXFileReference; fileEncoding = 4; lastKnownFileType = sourcecode.c.objc; path = BBPgcTabController.m; sourceTree = "<group>"; };
		8E7008612890E671009AB81A /* BBPgcTabBarItem.m */ = {isa = PBXFileReference; fileEncoding = 4; lastKnownFileType = sourcecode.c.objc; path = BBPgcTabBarItem.m; sourceTree = "<group>"; };
		8E7008622890E671009AB81A /* BBPgcTabBarView.m */ = {isa = PBXFileReference; fileEncoding = 4; lastKnownFileType = sourcecode.c.objc; path = BBPgcTabBarView.m; sourceTree = "<group>"; };
		8E7008652890E695009AB81A /* BBPgcTabBarItem.h */ = {isa = PBXFileReference; lastKnownFileType = sourcecode.c.h; path = BBPgcTabBarItem.h; sourceTree = "<group>"; };
		8E7008662890E696009AB81A /* BBPgcTabBarView.h */ = {isa = PBXFileReference; lastKnownFileType = sourcecode.c.h; path = BBPgcTabBarView.h; sourceTree = "<group>"; };
		8E7008672890E696009AB81A /* BBPgcTabBarProtocol.h */ = {isa = PBXFileReference; lastKnownFileType = sourcecode.c.h; path = BBPgcTabBarProtocol.h; sourceTree = "<group>"; };
		8E70086C2890E79E009AB81A /* UIView+QSFrame.h */ = {isa = PBXFileReference; lastKnownFileType = sourcecode.c.h; path = "UIView+QSFrame.h"; sourceTree = "<group>"; };
		8E70086D2890E79E009AB81A /* UIView+QSFrame.m */ = {isa = PBXFileReference; lastKnownFileType = sourcecode.c.objc; path = "UIView+QSFrame.m"; sourceTree = "<group>"; };
		8E70087028911A20009AB81A /* BBPgcTabTestController.h */ = {isa = PBXFileReference; lastKnownFileType = sourcecode.c.h; path = BBPgcTabTestController.h; sourceTree = "<group>"; };
		8E70087128911A20009AB81A /* BBPgcTabTestController.m */ = {isa = PBXFileReference; lastKnownFileType = sourcecode.c.objc; path = BBPgcTabTestController.m; sourceTree = "<group>"; };
		8E9CC27828A238EA00B645AA /* default_img@3x.png */ = {isa = PBXFileReference; lastKnownFileType = image.png; path = "default_img@3x.png"; sourceTree = "<group>"; };
		8E9CC27A28A23F1200B645AA /* share_action_watchtogether@3x.png */ = {isa = PBXFileReference; lastKnownFileType = image.png; path = "share_action_watchtogether@3x.png"; sourceTree = "<group>"; };
		8EAADE5228BA159400BD5874 /* QSGather-Bridging-Header.h */ = {isa = PBXFileReference; lastKnownFileType = sourcecode.c.h; path = "QSGather-Bridging-Header.h"; sourceTree = "<group>"; };
		8EAADE5C28BA16A000BD5874 /* QSClassifyController.h */ = {isa = PBXFileReference; lastKnownFileType = sourcecode.c.h; path = QSClassifyController.h; sourceTree = "<group>"; };
		8EAADE5D28BA16A000BD5874 /* QSClassifyController.m */ = {isa = PBXFileReference; lastKnownFileType = sourcecode.c.objc; path = QSClassifyController.m; sourceTree = "<group>"; };
		8EAADE5F28BA1D5B00BD5874 /* QSTabController.swift */ = {isa = PBXFileReference; fileEncoding = 4; lastKnownFileType = sourcecode.swift; path = QSTabController.swift; sourceTree = "<group>"; };
		8EAADE6028BA1D5B00BD5874 /* QSTabBarItem.swift */ = {isa = PBXFileReference; fileEncoding = 4; lastKnownFileType = sourcecode.swift; path = QSTabBarItem.swift; sourceTree = "<group>"; };
		8EAADE6128BA1D5B00BD5874 /* QSTabBarView.swift */ = {isa = PBXFileReference; fileEncoding = 4; lastKnownFileType = sourcecode.swift; path = QSTabBarView.swift; sourceTree = "<group>"; };
/* End PBXFileReference section */

/* Begin PBXFrameworksBuildPhase section */
		8E1DBA4127328F3500ABBBF9 /* Frameworks */ = {
			isa = PBXFrameworksBuildPhase;
			buildActionMask = 2147483647;
			files = (
			);
			runOnlyForDeploymentPostprocessing = 0;
		};
		8E1DBA5C27328F3700ABBBF9 /* Frameworks */ = {
			isa = PBXFrameworksBuildPhase;
			buildActionMask = 2147483647;
			files = (
			);
			runOnlyForDeploymentPostprocessing = 0;
		};
		8E1DBA6627328F3700ABBBF9 /* Frameworks */ = {
			isa = PBXFrameworksBuildPhase;
			buildActionMask = 2147483647;
			files = (
			);
			runOnlyForDeploymentPostprocessing = 0;
		};
/* End PBXFrameworksBuildPhase section */

/* Begin PBXGroup section */
		8E1DBA3B27328F3500ABBBF9 = {
			isa = PBXGroup;
			children = (
				8E1DBA4627328F3500ABBBF9 /* QSGather */,
				8E1DBA6227328F3700ABBBF9 /* QSGatherTests */,
				8E1DBA6C27328F3700ABBBF9 /* QSGatherUITests */,
				8E1DBA4527328F3500ABBBF9 /* Products */,
			);
			sourceTree = "<group>";
		};
		8E1DBA4527328F3500ABBBF9 /* Products */ = {
			isa = PBXGroup;
			children = (
				8E1DBA4427328F3500ABBBF9 /* QSGather.app */,
				8E1DBA5F27328F3700ABBBF9 /* QSGatherTests.xctest */,
				8E1DBA6927328F3700ABBBF9 /* QSGatherUITests.xctest */,
			);
			name = Products;
			sourceTree = "<group>";
		};
		8E1DBA4627328F3500ABBBF9 /* QSGather */ = {
			isa = PBXGroup;
			children = (
				8E1DBA7C27328F6F00ABBBF9 /* src */,
				8E1DBA5327328F3700ABBBF9 /* Assets.xcassets */,
				8E1DBA5527328F3700ABBBF9 /* LaunchScreen.storyboard */,
				8E1DBA5827328F3700ABBBF9 /* Info.plist */,
				8E9CC27A28A23F1200B645AA /* share_action_watchtogether@3x.png */,
				8E9CC27828A238EA00B645AA /* default_img@3x.png */,
				8E1DBA5927328F3700ABBBF9 /* main.m */,
			);
			path = QSGather;
			sourceTree = "<group>";
		};
		8E1DBA6227328F3700ABBBF9 /* QSGatherTests */ = {
			isa = PBXGroup;
			children = (
				8E1DBA6327328F3700ABBBF9 /* QSGatherTests.m */,
			);
			path = QSGatherTests;
			sourceTree = "<group>";
		};
		8E1DBA6C27328F3700ABBBF9 /* QSGatherUITests */ = {
			isa = PBXGroup;
			children = (
				8E1DBA6D27328F3700ABBBF9 /* QSGatherUITests.m */,
				8E1DBA6F27328F3700ABBBF9 /* QSGatherUITestsLaunchTests.m */,
			);
			path = QSGatherUITests;
			sourceTree = "<group>";
		};
		8E1DBA7C27328F6F00ABBBF9 /* src */ = {
			isa = PBXGroup;
			children = (
				8E1DBA4727328F3500ABBBF9 /* AppDelegate.h */,
				8E1DBA4827328F3500ABBBF9 /* AppDelegate.m */,
				8E1DBA4A27328F3500ABBBF9 /* SceneDelegate.h */,
				8E1DBA4B27328F3500ABBBF9 /* SceneDelegate.m */,
				8E1DBA7D27328F6F00ABBBF9 /* app */,
				8E1DBA7E27328F6F00ABBBF9 /* common */,
			);
			path = src;
			sourceTree = "<group>";
		};
		8E1DBA7D27328F6F00ABBBF9 /* app */ = {
			isa = PBXGroup;
			children = (
				8EAADE5128BA157800BD5874 /* tabSwift */,
				8E1DBA86273296D700ABBBF9 /* pages */,
				8E1DBA7F2732914D00ABBBF9 /* navigation */,
				8E70085D2890E63D009AB81A /* tab */,
			);
			path = app;
			sourceTree = "<group>";
		};
		8E1DBA7E27328F6F00ABBBF9 /* common */ = {
			isa = PBXGroup;
			children = (
				8E70086F2890E7D5009AB81A /* utils */,
			);
			path = common;
			sourceTree = "<group>";
		};
		8E1DBA7F2732914D00ABBBF9 /* navigation */ = {
			isa = PBXGroup;
			children = (
				8E1DBA802732915B00ABBBF9 /* QSTransition.h */,
				8E1DBA812732915B00ABBBF9 /* QSTransition.m */,
				8E1DBA832732928100ABBBF9 /* QSNavigationController.h */,
				8E1DBA842732928100ABBBF9 /* QSNavigationController.m */,
			);
			path = navigation;
			sourceTree = "<group>";
		};
		8E1DBA86273296D700ABBBF9 /* pages */ = {
			isa = PBXGroup;
			children = (
				8EAADE5B28BA164400BD5874 /* classify */,
				8E1DBA87273296E200ABBBF9 /* home */,
			);
			path = pages;
			sourceTree = "<group>";
		};
		8E1DBA87273296E200ABBBF9 /* home */ = {
			isa = PBXGroup;
			children = (
				8E1DBA88273296F600ABBBF9 /* QSHomeViewController.h */,
				8E1DBA89273296F600ABBBF9 /* QSHomeViewController.m */,
			);
			path = home;
			sourceTree = "<group>";
		};
		8E70085D2890E63D009AB81A /* tab */ = {
			isa = PBXGroup;
			children = (
				8E7008672890E696009AB81A /* BBPgcTabBarProtocol.h */,
				8E7008652890E695009AB81A /* BBPgcTabBarItem.h */,
				8E7008612890E671009AB81A /* BBPgcTabBarItem.m */,
				8E7008662890E696009AB81A /* BBPgcTabBarView.h */,
				8E7008622890E671009AB81A /* BBPgcTabBarView.m */,
				8E70085E2890E65D009AB81A /* BBPgcTabController.h */,
				8E70085F2890E65D009AB81A /* BBPgcTabController.m */,
				8E70087028911A20009AB81A /* BBPgcTabTestController.h */,
				8E70087128911A20009AB81A /* BBPgcTabTestController.m */,
			);
			path = tab;
			sourceTree = "<group>";
		};
		8E70086F2890E7D5009AB81A /* utils */ = {
			isa = PBXGroup;
			children = (
				8E70086C2890E79E009AB81A /* UIView+QSFrame.h */,
				8E70086D2890E79E009AB81A /* UIView+QSFrame.m */,
			);
			path = utils;
			sourceTree = "<group>";
		};
		8EAADE5128BA157800BD5874 /* tabSwift */ = {
			isa = PBXGroup;
			children = (
				8EAADE5228BA159400BD5874 /* QSGather-Bridging-Header.h */,
				8EAADE6028BA1D5B00BD5874 /* QSTabBarItem.swift */,
				8EAADE6128BA1D5B00BD5874 /* QSTabBarView.swift */,
				8EAADE5F28BA1D5B00BD5874 /* QSTabController.swift */,
			);
			path = tabSwift;
			sourceTree = "<group>";
		};
		8EAADE5B28BA164400BD5874 /* classify */ = {
			isa = PBXGroup;
			children = (
				8EAADE5C28BA16A000BD5874 /* QSClassifyController.h */,
				8EAADE5D28BA16A000BD5874 /* QSClassifyController.m */,
			);
			path = classify;
			sourceTree = "<group>";
		};
/* End PBXGroup section */

/* Begin PBXNativeTarget section */
		8E1DBA4327328F3500ABBBF9 /* QSGather */ = {
			isa = PBXNativeTarget;
			buildConfigurationList = 8E1DBA7327328F3700ABBBF9 /* Build configuration list for PBXNativeTarget "QSGather" */;
			buildPhases = (
				8E1DBA4027328F3500ABBBF9 /* Sources */,
				8E1DBA4127328F3500ABBBF9 /* Frameworks */,
				8E1DBA4227328F3500ABBBF9 /* Resources */,
			);
			buildRules = (
			);
			dependencies = (
			);
			name = QSGather;
			productName = QSGather;
			productReference = 8E1DBA4427328F3500ABBBF9 /* QSGather.app */;
			productType = "com.apple.product-type.application";
		};
		8E1DBA5E27328F3700ABBBF9 /* QSGatherTests */ = {
			isa = PBXNativeTarget;
			buildConfigurationList = 8E1DBA7627328F3700ABBBF9 /* Build configuration list for PBXNativeTarget "QSGatherTests" */;
			buildPhases = (
				8E1DBA5B27328F3700ABBBF9 /* Sources */,
				8E1DBA5C27328F3700ABBBF9 /* Frameworks */,
				8E1DBA5D27328F3700ABBBF9 /* Resources */,
			);
			buildRules = (
			);
			dependencies = (
				8E1DBA6127328F3700ABBBF9 /* PBXTargetDependency */,
			);
			name = QSGatherTests;
			productName = QSGatherTests;
			productReference = 8E1DBA5F27328F3700ABBBF9 /* QSGatherTests.xctest */;
			productType = "com.apple.product-type.bundle.unit-test";
		};
		8E1DBA6827328F3700ABBBF9 /* QSGatherUITests */ = {
			isa = PBXNativeTarget;
			buildConfigurationList = 8E1DBA7927328F3700ABBBF9 /* Build configuration list for PBXNativeTarget "QSGatherUITests" */;
			buildPhases = (
				8E1DBA6527328F3700ABBBF9 /* Sources */,
				8E1DBA6627328F3700ABBBF9 /* Frameworks */,
				8E1DBA6727328F3700ABBBF9 /* Resources */,
			);
			buildRules = (
			);
			dependencies = (
				8E1DBA6B27328F3700ABBBF9 /* PBXTargetDependency */,
			);
			name = QSGatherUITests;
			productName = QSGatherUITests;
			productReference = 8E1DBA6927328F3700ABBBF9 /* QSGatherUITests.xctest */;
			productType = "com.apple.product-type.bundle.ui-testing";
		};
/* End PBXNativeTarget section */

/* Begin PBXProject section */
		8E1DBA3C27328F3500ABBBF9 /* Project object */ = {
			isa = PBXProject;
			attributes = {
				BuildIndependentTargetsInParallel = 1;
				LastUpgradeCheck = 1300;
				TargetAttributes = {
					8E1DBA4327328F3500ABBBF9 = {
						CreatedOnToolsVersion = 13.0;
						LastSwiftMigration = 1320;
					};
					8E1DBA5E27328F3700ABBBF9 = {
						CreatedOnToolsVersion = 13.0;
						TestTargetID = 8E1DBA4327328F3500ABBBF9;
					};
					8E1DBA6827328F3700ABBBF9 = {
						CreatedOnToolsVersion = 13.0;
						TestTargetID = 8E1DBA4327328F3500ABBBF9;
					};
				};
			};
			buildConfigurationList = 8E1DBA3F27328F3500ABBBF9 /* Build configuration list for PBXProject "QSGather" */;
			compatibilityVersion = "Xcode 13.0";
			developmentRegion = en;
			hasScannedForEncodings = 0;
			knownRegions = (
				en,
				Base,
			);
			mainGroup = 8E1DBA3B27328F3500ABBBF9;
			productRefGroup = 8E1DBA4527328F3500ABBBF9 /* Products */;
			projectDirPath = "";
			projectRoot = "";
			targets = (
				8E1DBA4327328F3500ABBBF9 /* QSGather */,
				8E1DBA5E27328F3700ABBBF9 /* QSGatherTests */,
				8E1DBA6827328F3700ABBBF9 /* QSGatherUITests */,
			);
		};
/* End PBXProject section */

/* Begin PBXResourcesBuildPhase section */
		8E1DBA4227328F3500ABBBF9 /* Resources */ = {
			isa = PBXResourcesBuildPhase;
			buildActionMask = 2147483647;
			files = (
				8E9CC27928A238EA00B645AA /* default_img@3x.png in Resources */,
				8E9CC27B28A23F1200B645AA /* share_action_watchtogether@3x.png in Resources */,
				8E1DBA5727328F3700ABBBF9 /* LaunchScreen.storyboard in Resources */,
				8E1DBA5427328F3700ABBBF9 /* Assets.xcassets in Resources */,
			);
			runOnlyForDeploymentPostprocessing = 0;
		};
		8E1DBA5D27328F3700ABBBF9 /* Resources */ = {
			isa = PBXResourcesBuildPhase;
			buildActionMask = 2147483647;
			files = (
			);
			runOnlyForDeploymentPostprocessing = 0;
		};
		8E1DBA6727328F3700ABBBF9 /* Resources */ = {
			isa = PBXResourcesBuildPhase;
			buildActionMask = 2147483647;
			files = (
			);
			runOnlyForDeploymentPostprocessing = 0;
		};
/* End PBXResourcesBuildPhase section */

/* Begin PBXSourcesBuildPhase section */
		8E1DBA4027328F3500ABBBF9 /* Sources */ = {
			isa = PBXSourcesBuildPhase;
			buildActionMask = 2147483647;
			files = (
				8E1DBA4927328F3500ABBBF9 /* AppDelegate.m in Sources */,
				8E1DBA5A27328F3700ABBBF9 /* main.m in Sources */,
				8E1DBA852732928100ABBBF9 /* QSNavigationController.m in Sources */,
				8EAADE5E28BA16A000BD5874 /* QSClassifyController.m in Sources */,
				8E7008602890E65D009AB81A /* BBPgcTabController.m in Sources */,
				8E70086E2890E79E009AB81A /* UIView+QSFrame.m in Sources */,
				8E1DBA8A273296F600ABBBF9 /* QSHomeViewController.m in Sources */,
				8EAADE6228BA1D5B00BD5874 /* QSTabController.swift in Sources */,
				8EAADE6428BA1D5B00BD5874 /* QSTabBarView.swift in Sources */,
				8E7008632890E671009AB81A /* BBPgcTabBarItem.m in Sources */,
				8E70087228911A20009AB81A /* BBPgcTabTestController.m in Sources */,
				8EAADE6328BA1D5B00BD5874 /* QSTabBarItem.swift in Sources */,
				8E7008642890E671009AB81A /* BBPgcTabBarView.m in Sources */,
				8E1DBA4C27328F3500ABBBF9 /* SceneDelegate.m in Sources */,
				8E1DBA822732915B00ABBBF9 /* QSTransition.m in Sources */,
			);
			runOnlyForDeploymentPostprocessing = 0;
		};
		8E1DBA5B27328F3700ABBBF9 /* Sources */ = {
			isa = PBXSourcesBuildPhase;
			buildActionMask = 2147483647;
			files = (
				8E1DBA6427328F3700ABBBF9 /* QSGatherTests.m in Sources */,
			);
			runOnlyForDeploymentPostprocessing = 0;
		};
		8E1DBA6527328F3700ABBBF9 /* Sources */ = {
			isa = PBXSourcesBuildPhase;
			buildActionMask = 2147483647;
			files = (
				8E1DBA6E27328F3700ABBBF9 /* QSGatherUITests.m in Sources */,
				8E1DBA7027328F3700ABBBF9 /* QSGatherUITestsLaunchTests.m in Sources */,
			);
			runOnlyForDeploymentPostprocessing = 0;
		};
/* End PBXSourcesBuildPhase section */

/* Begin PBXTargetDependency section */
		8E1DBA6127328F3700ABBBF9 /* PBXTargetDependency */ = {
			isa = PBXTargetDependency;
			target = 8E1DBA4327328F3500ABBBF9 /* QSGather */;
			targetProxy = 8E1DBA6027328F3700ABBBF9 /* PBXContainerItemProxy */;
		};
		8E1DBA6B27328F3700ABBBF9 /* PBXTargetDependency */ = {
			isa = PBXTargetDependency;
			target = 8E1DBA4327328F3500ABBBF9 /* QSGather */;
			targetProxy = 8E1DBA6A27328F3700ABBBF9 /* PBXContainerItemProxy */;
		};
/* End PBXTargetDependency section */

/* Begin PBXVariantGroup section */
		8E1DBA5527328F3700ABBBF9 /* LaunchScreen.storyboard */ = {
			isa = PBXVariantGroup;
			children = (
				8E1DBA5627328F3700ABBBF9 /* Base */,
			);
			name = LaunchScreen.storyboard;
			sourceTree = "<group>";
		};
/* End PBXVariantGroup section */

/* Begin XCBuildConfiguration section */
		8E1DBA7127328F3700ABBBF9 /* Debug */ = {
			isa = XCBuildConfiguration;
			buildSettings = {
				ALWAYS_SEARCH_USER_PATHS = NO;
				CLANG_ANALYZER_NONNULL = YES;
				CLANG_ANALYZER_NUMBER_OBJECT_CONVERSION = YES_AGGRESSIVE;
				CLANG_CXX_LANGUAGE_STANDARD = "gnu++17";
				CLANG_CXX_LIBRARY = "libc++";
				CLANG_ENABLE_MODULES = YES;
				CLANG_ENABLE_OBJC_ARC = YES;
				CLANG_ENABLE_OBJC_WEAK = YES;
				CLANG_WARN_BLOCK_CAPTURE_AUTORELEASING = YES;
				CLANG_WARN_BOOL_CONVERSION = YES;
				CLANG_WARN_COMMA = YES;
				CLANG_WARN_CONSTANT_CONVERSION = YES;
				CLANG_WARN_DEPRECATED_OBJC_IMPLEMENTATIONS = YES;
				CLANG_WARN_DIRECT_OBJC_ISA_USAGE = YES_ERROR;
				CLANG_WARN_DOCUMENTATION_COMMENTS = YES;
				CLANG_WARN_EMPTY_BODY = YES;
				CLANG_WARN_ENUM_CONVERSION = YES;
				CLANG_WARN_INFINITE_RECURSION = YES;
				CLANG_WARN_INT_CONVERSION = YES;
				CLANG_WARN_NON_LITERAL_NULL_CONVERSION = YES;
				CLANG_WARN_OBJC_IMPLICIT_RETAIN_SELF = YES;
				CLANG_WARN_OBJC_LITERAL_CONVERSION = YES;
				CLANG_WARN_OBJC_ROOT_CLASS = YES_ERROR;
				CLANG_WARN_QUOTED_INCLUDE_IN_FRAMEWORK_HEADER = YES;
				CLANG_WARN_RANGE_LOOP_ANALYSIS = YES;
				CLANG_WARN_STRICT_PROTOTYPES = YES;
				CLANG_WARN_SUSPICIOUS_MOVE = YES;
				CLANG_WARN_UNGUARDED_AVAILABILITY = YES_AGGRESSIVE;
				CLANG_WARN_UNREACHABLE_CODE = YES;
				CLANG_WARN__DUPLICATE_METHOD_MATCH = YES;
				COPY_PHASE_STRIP = NO;
				DEBUG_INFORMATION_FORMAT = dwarf;
				ENABLE_STRICT_OBJC_MSGSEND = YES;
				ENABLE_TESTABILITY = YES;
				GCC_C_LANGUAGE_STANDARD = gnu11;
				GCC_DYNAMIC_NO_PIC = NO;
				GCC_NO_COMMON_BLOCKS = YES;
				GCC_OPTIMIZATION_LEVEL = 0;
				GCC_PREPROCESSOR_DEFINITIONS = (
					"DEBUG=1",
					"$(inherited)",
				);
				GCC_WARN_64_TO_32_BIT_CONVERSION = YES;
				GCC_WARN_ABOUT_RETURN_TYPE = YES_ERROR;
				GCC_WARN_UNDECLARED_SELECTOR = YES;
				GCC_WARN_UNINITIALIZED_AUTOS = YES_AGGRESSIVE;
				GCC_WARN_UNUSED_FUNCTION = YES;
				GCC_WARN_UNUSED_VARIABLE = YES;
				IPHONEOS_DEPLOYMENT_TARGET = 15.0;
				MTL_ENABLE_DEBUG_INFO = INCLUDE_SOURCE;
				MTL_FAST_MATH = YES;
				ONLY_ACTIVE_ARCH = YES;
				SDKROOT = iphoneos;
			};
			name = Debug;
		};
		8E1DBA7227328F3700ABBBF9 /* Release */ = {
			isa = XCBuildConfiguration;
			buildSettings = {
				ALWAYS_SEARCH_USER_PATHS = NO;
				CLANG_ANALYZER_NONNULL = YES;
				CLANG_ANALYZER_NUMBER_OBJECT_CONVERSION = YES_AGGRESSIVE;
				CLANG_CXX_LANGUAGE_STANDARD = "gnu++17";
				CLANG_CXX_LIBRARY = "libc++";
				CLANG_ENABLE_MODULES = YES;
				CLANG_ENABLE_OBJC_ARC = YES;
				CLANG_ENABLE_OBJC_WEAK = YES;
				CLANG_WARN_BLOCK_CAPTURE_AUTORELEASING = YES;
				CLANG_WARN_BOOL_CONVERSION = YES;
				CLANG_WARN_COMMA = YES;
				CLANG_WARN_CONSTANT_CONVERSION = YES;
				CLANG_WARN_DEPRECATED_OBJC_IMPLEMENTATIONS = YES;
				CLANG_WARN_DIRECT_OBJC_ISA_USAGE = YES_ERROR;
				CLANG_WARN_DOCUMENTATION_COMMENTS = YES;
				CLANG_WARN_EMPTY_BODY = YES;
				CLANG_WARN_ENUM_CONVERSION = YES;
				CLANG_WARN_INFINITE_RECURSION = YES;
				CLANG_WARN_INT_CONVERSION = YES;
				CLANG_WARN_NON_LITERAL_NULL_CONVERSION = YES;
				CLANG_WARN_OBJC_IMPLICIT_RETAIN_SELF = YES;
				CLANG_WARN_OBJC_LITERAL_CONVERSION = YES;
				CLANG_WARN_OBJC_ROOT_CLASS = YES_ERROR;
				CLANG_WARN_QUOTED_INCLUDE_IN_FRAMEWORK_HEADER = YES;
				CLANG_WARN_RANGE_LOOP_ANALYSIS = YES;
				CLANG_WARN_STRICT_PROTOTYPES = YES;
				CLANG_WARN_SUSPICIOUS_MOVE = YES;
				CLANG_WARN_UNGUARDED_AVAILABILITY = YES_AGGRESSIVE;
				CLANG_WARN_UNREACHABLE_CODE = YES;
				CLANG_WARN__DUPLICATE_METHOD_MATCH = YES;
				COPY_PHASE_STRIP = NO;
				DEBUG_INFORMATION_FORMAT = "dwarf-with-dsym";
				ENABLE_NS_ASSERTIONS = NO;
				ENABLE_STRICT_OBJC_MSGSEND = YES;
				GCC_C_LANGUAGE_STANDARD = gnu11;
				GCC_NO_COMMON_BLOCKS = YES;
				GCC_WARN_64_TO_32_BIT_CONVERSION = YES;
				GCC_WARN_ABOUT_RETURN_TYPE = YES_ERROR;
				GCC_WARN_UNDECLARED_SELECTOR = YES;
				GCC_WARN_UNINITIALIZED_AUTOS = YES_AGGRESSIVE;
				GCC_WARN_UNUSED_FUNCTION = YES;
				GCC_WARN_UNUSED_VARIABLE = YES;
				IPHONEOS_DEPLOYMENT_TARGET = 15.0;
				MTL_ENABLE_DEBUG_INFO = NO;
				MTL_FAST_MATH = YES;
				SDKROOT = iphoneos;
				VALIDATE_PRODUCT = YES;
			};
			name = Release;
		};
		8E1DBA7427328F3700ABBBF9 /* Debug */ = {
			isa = XCBuildConfiguration;
			buildSettings = {
				ASSETCATALOG_COMPILER_APPICON_NAME = AppIcon;
				ASSETCATALOG_COMPILER_GLOBAL_ACCENT_COLOR_NAME = AccentColor;
				CLANG_ENABLE_MODULES = YES;
				CODE_SIGN_STYLE = Automatic;
				CURRENT_PROJECT_VERSION = 1;
				DEFINES_MODULE = YES;
				GENERATE_INFOPLIST_FILE = YES;
				INFOPLIST_FILE = QSGather/Info.plist;
				INFOPLIST_KEY_UIApplicationSupportsIndirectInputEvents = YES;
				INFOPLIST_KEY_UILaunchStoryboardName = LaunchScreen;
				INFOPLIST_KEY_UISupportedInterfaceOrientations_iPad = "UIInterfaceOrientationPortrait UIInterfaceOrientationPortraitUpsideDown UIInterfaceOrientationLandscapeLeft UIInterfaceOrientationLandscapeRight";
				INFOPLIST_KEY_UISupportedInterfaceOrientations_iPhone = "UIInterfaceOrientationPortrait UIInterfaceOrientationLandscapeLeft UIInterfaceOrientationLandscapeRight";
				LD_RUNPATH_SEARCH_PATHS = (
					"$(inherited)",
					"@executable_path/Frameworks",
				);
				MARKETING_VERSION = 1.0;
				PRODUCT_BUNDLE_IDENTIFIER = com.QSGather.QSGather;
				PRODUCT_NAME = "$(TARGET_NAME)";
				SWIFT_EMIT_LOC_STRINGS = YES;
				SWIFT_OBJC_BRIDGING_HEADER = "QSGather/src/app/tabSwift/QSGather-Bridging-Header.h";
				SWIFT_OPTIMIZATION_LEVEL = "-Onone";
				SWIFT_VERSION = 5.0;
				TARGETED_DEVICE_FAMILY = "1,2";
			};
			name = Debug;
		};
		8E1DBA7527328F3700ABBBF9 /* Release */ = {
			isa = XCBuildConfiguration;
			buildSettings = {
				ASSETCATALOG_COMPILER_APPICON_NAME = AppIcon;
				ASSETCATALOG_COMPILER_GLOBAL_ACCENT_COLOR_NAME = AccentColor;
				CLANG_ENABLE_MODULES = YES;
				CODE_SIGN_STYLE = Automatic;
				CURRENT_PROJECT_VERSION = 1;
				DEFINES_MODULE = YES;
				GENERATE_INFOPLIST_FILE = YES;
				INFOPLIST_FILE = QSGather/Info.plist;
				INFOPLIST_KEY_UIApplicationSupportsIndirectInputEvents = YES;
				INFOPLIST_KEY_UILaunchStoryboardName = LaunchScreen;
				INFOPLIST_KEY_UISupportedInterfaceOrientations_iPad = "UIInterfaceOrientationPortrait UIInterfaceOrientationPortraitUpsideDown UIInterfaceOrientationLandscapeLeft UIInterfaceOrientationLandscapeRight";
				INFOPLIST_KEY_UISupportedInterfaceOrientations_iPhone = "UIInterfaceOrientationPortrait UIInterfaceOrientationLandscapeLeft UIInterfaceOrientationLandscapeRight";
				LD_RUNPATH_SEARCH_PATHS = (
					"$(inherited)",
					"@executable_path/Frameworks",
				);
				MARKETING_VERSION = 1.0;
				PRODUCT_BUNDLE_IDENTIFIER = com.QSGather.QSGather;
				PRODUCT_NAME = "$(TARGET_NAME)";
				SWIFT_EMIT_LOC_STRINGS = YES;
				SWIFT_OBJC_BRIDGING_HEADER = "QSGather/src/app/tabSwift/QSGather-Bridging-Header.h";
				SWIFT_VERSION = 5.0;
				TARGETED_DEVICE_FAMILY = "1,2";
			};
			name = Release;
		};
		8E1DBA7727328F3700ABBBF9 /* Debug */ = {
			isa = XCBuildConfiguration;
			buildSettings = {
				ALWAYS_EMBED_SWIFT_STANDARD_LIBRARIES = YES;
				BUNDLE_LOADER = "$(TEST_HOST)";
				CODE_SIGN_STYLE = Automatic;
				CURRENT_PROJECT_VERSION = 1;
				GENERATE_INFOPLIST_FILE = YES;
				IPHONEOS_DEPLOYMENT_TARGET = 15.0;
				LD_RUNPATH_SEARCH_PATHS = (
					"$(inherited)",
					"@executable_path/Frameworks",
					"@loader_path/Frameworks",
				);
				MARKETING_VERSION = 1.0;
				PRODUCT_BUNDLE_IDENTIFIER = com.QSGather.QSGatherTests;
				PRODUCT_NAME = "$(TARGET_NAME)";
				SWIFT_EMIT_LOC_STRINGS = NO;
				TARGETED_DEVICE_FAMILY = "1,2";
				TEST_HOST = "$(BUILT_PRODUCTS_DIR)/QSGather.app/QSGather";
			};
			name = Debug;
		};
		8E1DBA7827328F3700ABBBF9 /* Release */ = {
			isa = XCBuildConfiguration;
			buildSettings = {
				ALWAYS_EMBED_SWIFT_STANDARD_LIBRARIES = YES;
				BUNDLE_LOADER = "$(TEST_HOST)";
				CODE_SIGN_STYLE = Automatic;
				CURRENT_PROJECT_VERSION = 1;
				GENERATE_INFOPLIST_FILE = YES;
				IPHONEOS_DEPLOYMENT_TARGET = 15.0;
				LD_RUNPATH_SEARCH_PATHS = (
					"$(inherited)",
					"@executable_path/Frameworks",
					"@loader_path/Frameworks",
				);
				MARKETING_VERSION = 1.0;
				PRODUCT_BUNDLE_IDENTIFIER = com.QSGather.QSGatherTests;
				PRODUCT_NAME = "$(TARGET_NAME)";
				SWIFT_EMIT_LOC_STRINGS = NO;
				TARGETED_DEVICE_FAMILY = "1,2";
				TEST_HOST = "$(BUILT_PRODUCTS_DIR)/QSGather.app/QSGather";
			};
			name = Release;
		};
		8E1DBA7A27328F3700ABBBF9 /* Debug */ = {
			isa = XCBuildConfiguration;
			buildSettings = {
				ALWAYS_EMBED_SWIFT_STANDARD_LIBRARIES = YES;
				CODE_SIGN_STYLE = Automatic;
				CURRENT_PROJECT_VERSION = 1;
				GENERATE_INFOPLIST_FILE = YES;
				LD_RUNPATH_SEARCH_PATHS = (
					"$(inherited)",
					"@executable_path/Frameworks",
					"@loader_path/Frameworks",
				);
				MARKETING_VERSION = 1.0;
				PRODUCT_BUNDLE_IDENTIFIER = com.QSGather.QSGatherUITests;
				PRODUCT_NAME = "$(TARGET_NAME)";
				SWIFT_EMIT_LOC_STRINGS = NO;
				TARGETED_DEVICE_FAMILY = "1,2";
				TEST_TARGET_NAME = QSGather;
			};
			name = Debug;
		};
		8E1DBA7B27328F3700ABBBF9 /* Release */ = {
			isa = XCBuildConfiguration;
			buildSettings = {
				ALWAYS_EMBED_SWIFT_STANDARD_LIBRARIES = YES;
				CODE_SIGN_STYLE = Automatic;
				CURRENT_PROJECT_VERSION = 1;
				GENERATE_INFOPLIST_FILE = YES;
				LD_RUNPATH_SEARCH_PATHS = (
					"$(inherited)",
					"@executable_path/Frameworks",
					"@loader_path/Frameworks",
				);
				MARKETING_VERSION = 1.0;
				PRODUCT_BUNDLE_IDENTIFIER = com.QSGather.QSGatherUITests;
				PRODUCT_NAME = "$(TARGET_NAME)";
				SWIFT_EMIT_LOC_STRINGS = NO;
				TARGETED_DEVICE_FAMILY = "1,2";
				TEST_TARGET_NAME = QSGather;
			};
			name = Release;
		};
/* End XCBuildConfiguration section */

/* Begin XCConfigurationList section */
		8E1DBA3F27328F3500ABBBF9 /* Build configuration list for PBXProject "QSGather" */ = {
			isa = XCConfigurationList;
			buildConfigurations = (
				8E1DBA7127328F3700ABBBF9 /* Debug */,
				8E1DBA7227328F3700ABBBF9 /* Release */,
			);
			defaultConfigurationIsVisible = 0;
			defaultConfigurationName = Release;
		};
		8E1DBA7327328F3700ABBBF9 /* Build configuration list for PBXNativeTarget "QSGather" */ = {
			isa = XCConfigurationList;
			buildConfigurations = (
				8E1DBA7427328F3700ABBBF9 /* Debug */,
				8E1DBA7527328F3700ABBBF9 /* Release */,
			);
			defaultConfigurationIsVisible = 0;
			defaultConfigurationName = Release;
		};
		8E1DBA7627328F3700ABBBF9 /* Build configuration list for PBXNativeTarget "QSGatherTests" */ = {
			isa = XCConfigurationList;
			buildConfigurations = (
				8E1DBA7727328F3700ABBBF9 /* Debug */,
				8E1DBA7827328F3700ABBBF9 /* Release */,
			);
			defaultConfigurationIsVisible = 0;
			defaultConfigurationName = Release;
		};
		8E1DBA7927328F3700ABBBF9 /* Build configuration list for PBXNativeTarget "QSGatherUITests" */ = {
			isa = XCConfigurationList;
			buildConfigurations = (
				8E1DBA7A27328F3700ABBBF9 /* Debug */,
				8E1DBA7B27328F3700ABBBF9 /* Release */,
			);
			defaultConfigurationIsVisible = 0;
			defaultConfigurationName = Release;
		};
/* End XCConfigurationList section */
	};
	rootObject = 8E1DBA3C27328F3500ABBBF9 /* Project object */;
}
